version = 1

[requested]
fingerprint = "eb0e2071686deb9b08330d2ca34ae5d65f23da751cac5a9d3cdeb82b0a6232ab"

[[requested.dependencies]]
id = "dep:c2ab3bf186bb39cb252b7aa6090c22be5148835af1eabd382de52cfe37241db3"
kind = "native"
version = "0.2.0"
source_kind = "path"
source = "../../plugins/imago-v4l2/wit"
declared_requires = []

[[requested.dependencies]]
id = "dep:eecd7a472c7cb862226a8e243c2a46437118614ea434ad79da8a6720cffc5828"
kind = "wasm"
version = "0.3.0"
source_kind = "path"
source = "../../plugins/imago-camera/wit"
declared_requires = ["imago:v4l2"]
component_source_kind = "path"
component_source = "target/wasm32-wasip2/release/imago_plugin_imago_camera.wasm"

[requested.dependencies.capabilities]
privileged = false

[requested.dependencies.capabilities.deps]
"imago:v4l2" = ["*"]

[requested.dependencies.capabilities.wasi]
"*" = ["*"]

[[resolved.dependencies]]
request_id = "dep:c2ab3bf186bb39cb252b7aa6090c22be5148835af1eabd382de52cfe37241db3"
resolved_name = "imago:v4l2"
resolved_version = "0.2.0"
wit_path = "wit/deps/imago-v4l2-0.2.0"
wit_tree_digest = "3087cbe3ff102d6c39b1488b8d751d6e6d46fdfe602e47f166fcf276b1ea85f8"
requires_request_ids = []

[[resolved.dependencies]]
request_id = "dep:eecd7a472c7cb862226a8e243c2a46437118614ea434ad79da8a6720cffc5828"
resolved_name = "imago:camera"
resolved_version = "0.3.0"
wit_path = "wit/deps/imago-camera-0.3.0"
wit_tree_digest = "53278e7d07285461ec9aa0b9e3220853abe2652e1853109bbf84160a738abcaa"
component_source = "target/wasm32-wasip2/release/imago_plugin_imago_camera.wasm"
component_sha256 = "c602ef9ae93060b247ca44a6bfaa634e855ccc7f7cc7cd45c76d523cf6940645"
requires_request_ids = ["dep:c2ab3bf186bb39cb252b7aa6090c22be5148835af1eabd382de52cfe37241db3"]

[[resolved.packages]]
package_ref = "imago:v4l2@0.2.0#"
name = "imago:v4l2"
version = "0.2.0"
requirement = "=0.2.0"
path = "wit/deps/imago-v4l2-0.2.0"
digest = "sha256:87f0ded5c0c1c1ccf3c6d5a5780491a98dec42429b580983012f5bbbe33d72e6"

[[resolved.package_edges]]
from_kind = "dependency"
from_ref = "dep:eecd7a472c7cb862226a8e243c2a46437118614ea434ad79da8a6720cffc5828"
to_package_ref = "imago:v4l2@0.2.0#"
reason = "wit-import"
