version = 1

[requested]
fingerprint = "e21955e96dc7a4e9d685284704114e6f671c7d53dd3f0cb5e72389da32e97f50"
dependencies = []

[resolved]
dependencies = []

[[resolved.packages]]
package_ref = "wasi:cli@0.2.0#wasi.dev"
name = "wasi:cli"
version = "0.2.0"
registry = "wasi.dev"
requirement = "=0.2.0"
source = "wasi:cli"
path = "wit/deps/wasi-cli-0.2.0"
digest = "sha256:7d92936c575fe3532ce8f294990c7978fc7634e344f5d451a37e9c569c114a30"

[[resolved.packages]]
package_ref = "wasi:clocks@0.2.0#wasi.dev"
name = "wasi:clocks"
version = "0.2.0"
registry = "wasi.dev"
requirement = "=0.2.0"
source = "wasi:clocks"
path = "wit/deps/wasi-clocks-0.2.0"
digest = "sha256:7f9021b14ffeb982c2747b252bc2d611c5a181c4d783edd2d5beba21928df77f"

[[resolved.packages]]
package_ref = "wasi:filesystem@0.2.0#wasi.dev"
name = "wasi:filesystem"
version = "0.2.0"
registry = "wasi.dev"
requirement = "=0.2.0"
source = "wasi:filesystem"
path = "wit/deps/wasi-filesystem-0.2.0"
digest = "sha256:fdba56d19f54ceaaf67ea20ad2a6c875539f78066174d01e643153fe16c74d6d"

[[resolved.packages]]
package_ref = "wasi:io@0.2.0#wasi.dev"
name = "wasi:io"
version = "0.2.0"
registry = "wasi.dev"
requirement = "=0.2.0"
source = "wasi:io"
path = "wit/deps/wasi-io-0.2.0"
digest = "sha256:5f203ed2aaa9da8dc7b9732c9c5e7776222219e471dda92568ec89087e3f229d"

[[resolved.packages]]
package_ref = "wasi:random@0.2.0#wasi.dev"
name = "wasi:random"
version = "0.2.0"
registry = "wasi.dev"
requirement = "=0.2.0"
source = "wasi:random"
path = "wit/deps/wasi-random-0.2.0"
digest = "sha256:0e3b8c04dbe72b6769950d82676039ef6a57cc6b73d18983847bc15ef2dec878"

[[resolved.packages]]
package_ref = "wasi:sockets@0.2.0#wasi.dev"
name = "wasi:sockets"
version = "0.2.0"
registry = "wasi.dev"
requirement = "=0.2.0"
source = "wasi:sockets"
path = "wit/deps/wasi-sockets-0.2.0"
digest = "sha256:cda0059fe84e1101a87c053e23197a32bd6d5b6993e7ca1a25480155f99645fd"
