version = 1

[[dependencies]]
name = "sizumita:ferris"
version = "0.1.0"
wit_source = "sizumita:ferris"
wit_registry = "wa.dev"
wit_digest = "52a26fa11868e3ba234c438d8c4d946e9cec82f667948f098ae1fba59ed7bb77"
wit_path = "wit/deps/sizumita-ferris"
component_source = "sizumita:ferris"
component_registry = "wa.dev"
component_sha256 = "040ba9bf6aec60ae0667b34f41890df8c0597a323fe76a8e6588666f2b8c8b41"

[[wit_packages]]
name = "wasi:cli"
registry = "wasi.dev"

[[wit_packages.versions]]
requirement = "=0.2.6"
version = "0.2.6"
digest = "sha256:db75b71f0dfc8915e5cf6534dc150ff2c9c8d509873d054d47ff1863efc4e64d"
source = "wasi:cli"
path = "wit/deps/wasi-cli"
via = []

[[wit_packages]]
name = "wasi:io"
registry = "wasi.dev"

[[wit_packages.versions]]
requirement = "=0.2.6"
version = "0.2.6"
digest = "sha256:b98b06c04cffa5eaf00b071e23cc856ae7e648506748a06b802972ee3cc38590"
source = "wasi:io"
path = "wit/deps/wasi-io"
via = []

[[wit_packages]]
name = "wasi:random"
registry = "wasi.dev"

[[wit_packages.versions]]
requirement = "=0.2.6"
version = "0.2.6"
digest = "sha256:2e8a87a15b17729cb45744439d053d90e2eb282b8e26876c5d5df3504acd9d94"
source = "wasi:random"
path = "wit/deps/wasi-random"
via = []
