version = 1

[[dependencies]]
name = "acme:clock"
version = "0.1.0"
wit_source = "file://../rpc-greeter/wit/world.wit"
wit_digest = "1f30762356393fa00052cfe54fec4a6d95817bff29efcf00af08c17246b45acd"
wit_path = "wit/deps/acme-clock"
component_source = "file://../rpc-greeter/target/wasm32-wasip2/release/rpc_greeter.wasm"
component_sha256 = "693fcad1577350e790c3bf0550f3050be0d45b48e40e20ecd5460ef7a633cdfd"
resolved_at = "1771492202"

[[dependencies]]
name = "imago:node"
version = "0.1.0"
wit_source = "file://../../../../plugins/imago-node/wit"
wit_digest = "03cf700a9e9965be63ba1860190b1f59763e96f94b262f56f162dd50d11d6528"
wit_path = "wit/deps/imago-node"
resolved_at = "1771492202"
